
Microsoft Visual Studio Solution File, Format Version 12.00
# Visual Studio Version 17
VisualStudioVersion = 17.0.31903.59
MinimumVisualStudioVersion = 10.0.40219.1
Project("{FAE04EC0-301F-11D3-BF4B-00C04F79EFBC}") = "WhoIsIn.Api", "WhoIsIn.Api\WhoIsIn.Api.csproj", "{B10A98E4-53DA-426A-A022-A7599C8029AF}"
EndProject
Project("{FAE04EC0-301F-11D3-BF4B-00C04F79EFBC}") = "WhoIsIn.Web", "WhoIsIn.Web\WhoIsIn.Web.csproj", "{21E4A4AB-2AC3-4D84-B3D5-2471A10A08D1}"
EndProject
Project("{FAE04EC0-301F-11D3-BF4B-00C04F79EFBC}") = "WhoIsIn.Models", "WhoIsIn.Models\WhoIsIn.Models.csproj", "{02449A08-F027-468B-A485-70D6854EEE9A}"
EndProject
Global
	GlobalSection(SolutionConfigurationPlatforms) = preSolution
		Debug|Any CPU = Debug|Any CPU
		Release|Any CPU = Release|Any CPU
	EndGlobalSection
	GlobalSection(SolutionProperties) = preSolution
		HideSolutionNode = FALSE
	EndGlobalSection
	GlobalSection(ProjectConfigurationPlatforms) = postSolution
		{B10A98E4-53DA-426A-A022-A7599C8029AF}.Debug|Any CPU.ActiveCfg = Debug|Any CPU
		{B10A98E4-53DA-426A-A022-A7599C8029AF}.Debug|Any CPU.Build.0 = Debug|Any CPU
		{B10A98E4-53DA-426A-A022-A7599C8029AF}.Release|Any CPU.ActiveCfg = Release|Any CPU
		{B10A98E4-53DA-426A-A022-A7599C8029AF}.Release|Any CPU.Build.0 = Release|Any CPU
		{21E4A4AB-2AC3-4D84-B3D5-2471A10A08D1}.Debug|Any CPU.ActiveCfg = Debug|Any CPU
		{21E4A4AB-2AC3-4D84-B3D5-2471A10A08D1}.Debug|Any CPU.Build.0 = Debug|Any CPU
		{21E4A4AB-2AC3-4D84-B3D5-2471A10A08D1}.Release|Any CPU.ActiveCfg = Release|Any CPU
		{21E4A4AB-2AC3-4D84-B3D5-2471A10A08D1}.Release|Any CPU.Build.0 = Release|Any CPU
		{02449A08-F027-468B-A485-70D6854EEE9A}.Debug|Any CPU.ActiveCfg = Debug|Any CPU
		{02449A08-F027-468B-A485-70D6854EEE9A}.Debug|Any CPU.Build.0 = Debug|Any CPU
		{02449A08-F027-468B-A485-70D6854EEE9A}.Release|Any CPU.ActiveCfg = Release|Any CPU
		{02449A08-F027-468B-A485-70D6854EEE9A}.Release|Any CPU.Build.0 = Release|Any CPU
	EndGlobalSection
EndGlobal
